// !$*UTF8*$!
{
	archiveVersion = 1;
	classes = {
	};
	objectVersion = 48;
	objects = {

/* Begin PBXBuildFile section */
		C32500D11FDC3EB4001509E4 /* AppDelegate.m in Sources */ = {isa = PBXBuildFile; fileRef = C32500D01FDC3EB4001509E4 /* AppDelegate.m */; };
		C32500D71FDC3EB5001509E4 /* Main.storyboard in Resources */ = {isa = PBXBuildFile; fileRef = C32500D51FDC3EB5001509E4 /* Main.storyboard */; };
		C32500DA1FDC3EB5001509E4 /* CarsCoreDataAD.xcdatamodeld in Sources */ = {isa = PBXBuildFile; fileRef = C32500D81FDC3EB5001509E4 /* CarsCoreDataAD.xcdatamodeld */; };
		C32500DC1FDC3EB5001509E4 /* Assets.xcassets in Resources */ = {isa = PBXBuildFile; fileRef = C32500DB1FDC3EB5001509E4 /* Assets.xcassets */; };
		C32500DF1FDC3EB5001509E4 /* LaunchScreen.storyboard in Resources */ = {isa = PBXBuildFile; fileRef = C32500DD1FDC3EB5001509E4 /* LaunchScreen.storyboard */; };
		C32500E21FDC3EB5001509E4 /* main.m in Sources */ = {isa = PBXBuildFile; fileRef = C32500E11FDC3EB5001509E4 /* main.m */; };
		C32500ED1FDC40BE001509E4 /* CoreData.framework in Frameworks */ = {isa = PBXBuildFile; fileRef = C32500EC1FDC40B2001509E4 /* CoreData.framework */; };
		C32500F01FDC4296001509E4 /* AddCarViewController.m in Sources */ = {isa = PBXBuildFile; fileRef = C32500EF1FDC4296001509E4 /* AddCarViewController.m */; };
		C32500F31FDC4B8E001509E4 /* DetailViewController.m in Sources */ = {isa = PBXBuildFile; fileRef = C32500F21FDC4B8E001509E4 /* DetailViewController.m */; };
		C32500F61FDC6179001509E4 /* Car.m in Sources */ = {isa = PBXBuildFile; fileRef = C32500F51FDC6179001509E4 /* Car.m */; };
		C32500F91FDC653F001509E4 /* EditingViewController.m in Sources */ = {isa = PBXBuildFile; fileRef = C32500F81FDC653F001509E4 /* EditingViewController.m */; };
		C32500FC1FDCAD4A001509E4 /* RootTableViewController.m in Sources */ = {isa = PBXBuildFile; fileRef = C32500FB1FDCAD4A001509E4 /* RootTableViewController.m */; };
/* End PBXBuildFile section */

/* Begin PBXFileReference section */
		C32500CC1FDC3EB4001509E4 /* CarsCoreDataAD.app */ = {isa = PBXFileReference; explicitFileType = wrapper.application; includeInIndex = 0; path = CarsCoreDataAD.app; sourceTree = BUILT_PRODUCTS_DIR; };
		C32500CF1FDC3EB4001509E4 /* AppDelegate.h */ = {isa = PBXFileReference; lastKnownFileType = sourcecode.c.h; path = AppDelegate.h; sourceTree = "<group>"; };
		C32500D01FDC3EB4001509E4 /* AppDelegate.m */ = {isa = PBXFileReference; lastKnownFileType = sourcecode.c.objc; path = AppDelegate.m; sourceTree = "<group>"; };
		C32500D61FDC3EB5001509E4 /* Base */ = {isa = PBXFileReference; lastKnownFileType = file.storyboard; name = Base; path = Base.lproj/Main.storyboard; sourceTree = "<group>"; };
		C32500D91FDC3EB5001509E4 /* CarsCoreDataAD.xcdatamodel */ = {isa = PBXFileReference; lastKnownFileType = wrapper.xcdatamodel; path = CarsCoreDataAD.xcdatamodel; sourceTree = "<group>"; };
		C32500DB1FDC3EB5001509E4 /* Assets.xcassets */ = {isa = PBXFileReference; lastKnownFileType = folder.assetcatalog; path = Assets.xcassets; sourceTree = "<group>"; };
		C32500DE1FDC3EB5001509E4 /* Base */ = {isa = PBXFileReference; lastKnownFileType = file.storyboard; name = Base; path = Base.lproj/LaunchScreen.storyboard; sourceTree = "<group>"; };
		C32500E01FDC3EB5001509E4 /* Info.plist */ = {isa = PBXFileReference; lastKnownFileType = text.plist.xml; path = Info.plist; sourceTree = "<group>"; };
		C32500E11FDC3EB5001509E4 /* main.m */ = {isa = PBXFileReference; lastKnownFileType = sourcecode.c.objc; path = main.m; sourceTree = "<group>"; };
		C32500EC1FDC40B2001509E4 /* CoreData.framework */ = {isa = PBXFileReference; lastKnownFileType = wrapper.framework; name = CoreData.framework; path = System/Library/Frameworks/CoreData.framework; sourceTree = SDKROOT; };
		C32500EE1FDC4296001509E4 /* AddCarViewController.h */ = {isa = PBXFileReference; lastKnownFileType = sourcecode.c.h; path = AddCarViewController.h; sourceTree = "<group>"; };
		C32500EF1FDC4296001509E4 /* AddCarViewController.m */ = {isa = PBXFileReference; lastKnownFileType = sourcecode.c.objc; path = AddCarViewController.m; sourceTree = "<group>"; };
		C32500F11FDC4B8E001509E4 /* DetailViewController.h */ = {isa = PBXFileReference; lastKnownFileType = sourcecode.c.h; path = DetailViewController.h; sourceTree = "<group>"; };
		C32500F21FDC4B8E001509E4 /* DetailViewController.m */ = {isa = PBXFileReference; lastKnownFileType = sourcecode.c.objc; path = DetailViewController.m; sourceTree = "<group>"; };
		C32500F41FDC6179001509E4 /* Car.h */ = {isa = PBXFileReference; lastKnownFileType = sourcecode.c.h; path = Car.h; sourceTree = "<group>"; };
		C32500F51FDC6179001509E4 /* Car.m */ = {isa = PBXFileReference; lastKnownFileType = sourcecode.c.objc; path = Car.m; sourceTree = "<group>"; };
		C32500F71FDC653F001509E4 /* EditingViewController.h */ = {isa = PBXFileReference; lastKnownFileType = sourcecode.c.h; path = EditingViewController.h; sourceTree = "<group>"; };
		C32500F81FDC653F001509E4 /* EditingViewController.m */ = {isa = PBXFileReference; lastKnownFileType = sourcecode.c.objc; path = EditingViewController.m; sourceTree = "<group>"; };
		C32500FA1FDCAD4A001509E4 /* RootTableViewController.h */ = {isa = PBXFileReference; lastKnownFileType = sourcecode.c.h; path = RootTableViewController.h; sourceTree = "<group>"; };
		C32500FB1FDCAD4A001509E4 /* RootTableViewController.m */ = {isa = PBXFileReference; lastKnownFileType = sourcecode.c.objc; path = RootTableViewController.m; sourceTree = "<group>"; };
/* End PBXFileReference section */

/* Begin PBXFrameworksBuildPhase section */
		C32500C91FDC3EB4001509E4 /* Frameworks */ = {
			isa = PBXFrameworksBuildPhase;
			buildActionMask = 2147483647;
			files = (
				C32500ED1FDC40BE001509E4 /* CoreData.framework in Frameworks */,
			);
			runOnlyForDeploymentPostprocessing = 0;
		};
/* End PBXFrameworksBuildPhase section */

/* Begin PBXGroup section */
		C32500C31FDC3EB4001509E4 = {
			isa = PBXGroup;
			children = (
				C32500CE1FDC3EB4001509E4 /* CarsCoreDataAD */,
				C32500CD1FDC3EB4001509E4 /* Products */,
				C32500EB1FDC40B2001509E4 /* Frameworks */,
			);
			sourceTree = "<group>";
		};
		C32500CD1FDC3EB4001509E4 /* Products */ = {
			isa = PBXGroup;
			children = (
				C32500CC1FDC3EB4001509E4 /* CarsCoreDataAD.app */,
			);
			name = Products;
			sourceTree = "<group>";
		};
		C32500CE1FDC3EB4001509E4 /* CarsCoreDataAD */ = {
			isa = PBXGroup;
			children = (
				C32500CF1FDC3EB4001509E4 /* AppDelegate.h */,
				C32500D01FDC3EB4001509E4 /* AppDelegate.m */,
				C32500F11FDC4B8E001509E4 /* DetailViewController.h */,
				C32500F21FDC4B8E001509E4 /* DetailViewController.m */,
				C32500FA1FDCAD4A001509E4 /* RootTableViewController.h */,
				C32500FB1FDCAD4A001509E4 /* RootTableViewController.m */,
				C32500EE1FDC4296001509E4 /* AddCarViewController.h */,
				C32500EF1FDC4296001509E4 /* AddCarViewController.m */,
				C32500F71FDC653F001509E4 /* EditingViewController.h */,
				C32500F81FDC653F001509E4 /* EditingViewController.m */,
				C32500F41FDC6179001509E4 /* Car.h */,
				C32500F51FDC6179001509E4 /* Car.m */,
				C32500D51FDC3EB5001509E4 /* Main.storyboard */,
				C32500DB1FDC3EB5001509E4 /* Assets.xcassets */,
				C32500DD1FDC3EB5001509E4 /* LaunchScreen.storyboard */,
				C32500E01FDC3EB5001509E4 /* Info.plist */,
				C32500E11FDC3EB5001509E4 /* main.m */,
				C32500D81FDC3EB5001509E4 /* CarsCoreDataAD.xcdatamodeld */,
			);
			path = CarsCoreDataAD;
			sourceTree = "<group>";
		};
		C32500EB1FDC40B2001509E4 /* Frameworks */ = {
			isa = PBXGroup;
			children = (
				C32500EC1FDC40B2001509E4 /* CoreData.framework */,
			);
			name = Frameworks;
			sourceTree = "<group>";
		};
/* End PBXGroup section */

/* Begin PBXNativeTarget section */
		C32500CB1FDC3EB4001509E4 /* CarsCoreDataAD */ = {
			isa = PBXNativeTarget;
			buildConfigurationList = C32500E51FDC3EB5001509E4 /* Build configuration list for PBXNativeTarget "CarsCoreDataAD" */;
			buildPhases = (
				C32500C81FDC3EB4001509E4 /* Sources */,
				C32500C91FDC3EB4001509E4 /* Frameworks */,
				C32500CA1FDC3EB4001509E4 /* Resources */,
			);
			buildRules = (
			);
			dependencies = (
			);
			name = CarsCoreDataAD;
			productName = CarsCoreDataAD;
			productReference = C32500CC1FDC3EB4001509E4 /* CarsCoreDataAD.app */;
			productType = "com.apple.product-type.application";
		};
/* End PBXNativeTarget section */

/* Begin PBXProject section */
		C32500C41FDC3EB4001509E4 /* Project object */ = {
			isa = PBXProject;
			attributes = {
				LastUpgradeCheck = 0910;
				ORGANIZATIONNAME = "Albert Diaz";
				TargetAttributes = {
					C32500CB1FDC3EB4001509E4 = {
						CreatedOnToolsVersion = 9.1;
						ProvisioningStyle = Automatic;
					};
				};
			};
			buildConfigurationList = C32500C71FDC3EB4001509E4 /* Build configuration list for PBXProject "CarsCoreDataAD" */;
			compatibilityVersion = "Xcode 8.0";
			developmentRegion = en;
			hasScannedForEncodings = 0;
			knownRegions = (
				en,
				Base,
			);
			mainGroup = C32500C31FDC3EB4001509E4;
			productRefGroup = C32500CD1FDC3EB4001509E4 /* Products */;
			projectDirPath = "";
			projectRoot = "";
			targets = (
				C32500CB1FDC3EB4001509E4 /* CarsCoreDataAD */,
			);
		};
/* End PBXProject section */

/* Begin PBXResourcesBuildPhase section */
		C32500CA1FDC3EB4001509E4 /* Resources */ = {
			isa = PBXResourcesBuildPhase;
			buildActionMask = 2147483647;
			files = (
				C32500DF1FDC3EB5001509E4 /* LaunchScreen.storyboard in Resources */,
				C32500DC1FDC3EB5001509E4 /* Assets.xcassets in Resources */,
				C32500D71FDC3EB5001509E4 /* Main.storyboard in Resources */,
			);
			runOnlyForDeploymentPostprocessing = 0;
		};
/* End PBXResourcesBuildPhase section */

/* Begin PBXSourcesBuildPhase section */
		C32500C81FDC3EB4001509E4 /* Sources */ = {
			isa = PBXSourcesBuildPhase;
			buildActionMask = 2147483647;
			files = (
				C32500DA1FDC3EB5001509E4 /* CarsCoreDataAD.xcdatamodeld in Sources */,
				C32500E21FDC3EB5001509E4 /* main.m in Sources */,
				C32500D11FDC3EB4001509E4 /* AppDelegate.m in Sources */,
				C32500F01FDC4296001509E4 /* AddCarViewController.m in Sources */,
				C32500F61FDC6179001509E4 /* Car.m in Sources */,
				C32500F91FDC653F001509E4 /* EditingViewController.m in Sources */,
				C32500F31FDC4B8E001509E4 /* DetailViewController.m in Sources */,
				C32500FC1FDCAD4A001509E4 /* RootTableViewController.m in Sources */,
			);
			runOnlyForDeploymentPostprocessing = 0;
		};
/* End PBXSourcesBuildPhase section */

/* Begin PBXVariantGroup section */
		C32500D51FDC3EB5001509E4 /* Main.storyboard */ = {
			isa = PBXVariantGroup;
			children = (
				C32500D61FDC3EB5001509E4 /* Base */,
			);
			name = Main.storyboard;
			sourceTree = "<group>";
		};
		C32500DD1FDC3EB5001509E4 /* LaunchScreen.storyboard */ = {
			isa = PBXVariantGroup;
			children = (
				C32500DE1FDC3EB5001509E4 /* Base */,
			);
			name = LaunchScreen.storyboard;
			sourceTree = "<group>";
		};
/* End PBXVariantGroup section */

/* Begin XCBuildConfiguration section */
		C32500E31FDC3EB5001509E4 /* Debug */ = {
			isa = XCBuildConfiguration;
			buildSettings = {
				ALWAYS_SEARCH_USER_PATHS = NO;
				CLANG_ANALYZER_NONNULL = YES;
				CLANG_ANALYZER_NUMBER_OBJECT_CONVERSION = YES_AGGRESSIVE;
				CLANG_CXX_LANGUAGE_STANDARD = "gnu++14";
				CLANG_CXX_LIBRARY = "libc++";
				CLANG_ENABLE_MODULES = YES;
				CLANG_ENABLE_OBJC_ARC = YES;
				CLANG_WARN_BLOCK_CAPTURE_AUTORELEASING = YES;
				CLANG_WARN_BOOL_CONVERSION = YES;
				CLANG_WARN_COMMA = YES;
				CLANG_WARN_CONSTANT_CONVERSION = YES;
				CLANG_WARN_DIRECT_OBJC_ISA_USAGE = YES_ERROR;
				CLANG_WARN_DOCUMENTATION_COMMENTS = YES;
				CLANG_WARN_EMPTY_BODY = YES;
				CLANG_WARN_ENUM_CONVERSION = YES;
				CLANG_WARN_INFINITE_RECURSION = YES;
				CLANG_WARN_INT_CONVERSION = YES;
				CLANG_WARN_NON_LITERAL_NULL_CONVERSION = YES;
				CLANG_WARN_OBJC_LITERAL_CONVERSION = YES;
				CLANG_WARN_OBJC_ROOT_CLASS = YES_ERROR;
				CLANG_WARN_RANGE_LOOP_ANALYSIS = YES;
				CLANG_WARN_STRICT_PROTOTYPES = YES;
				CLANG_WARN_SUSPICIOUS_MOVE = YES;
				CLANG_WARN_UNGUARDED_AVAILABILITY = YES_AGGRESSIVE;
				CLANG_WARN_UNREACHABLE_CODE = YES;
				CLANG_WARN__DUPLICATE_METHOD_MATCH = YES;
				CODE_SIGN_IDENTITY = "iPhone Developer";
				COPY_PHASE_STRIP = NO;
				DEBUG_INFORMATION_FORMAT = dwarf;
				ENABLE_STRICT_OBJC_MSGSEND = YES;
				ENABLE_TESTABILITY = YES;
				GCC_C_LANGUAGE_STANDARD = gnu11;
				GCC_DYNAMIC_NO_PIC = NO;
				GCC_NO_COMMON_BLOCKS = YES;
				GCC_OPTIMIZATION_LEVEL = 0;
				GCC_PREPROCESSOR_DEFINITIONS = (
					"DEBUG=1",
					"$(inherited)",
				);
				GCC_WARN_64_TO_32_BIT_CONVERSION = YES;
				GCC_WARN_ABOUT_RETURN_TYPE = YES_ERROR;
				GCC_WARN_UNDECLARED_SELECTOR = YES;
				GCC_WARN_UNINITIALIZED_AUTOS = YES_AGGRESSIVE;
				GCC_WARN_UNUSED_FUNCTION = YES;
				GCC_WARN_UNUSED_VARIABLE = YES;
				IPHONEOS_DEPLOYMENT_TARGET = 11.1;
				MTL_ENABLE_DEBUG_INFO = YES;
				ONLY_ACTIVE_ARCH = YES;
				SDKROOT = iphoneos;
			};
			name = Debug;
		};
		C32500E41FDC3EB5001509E4 /* Release */ = {
			isa = XCBuildConfiguration;
			buildSettings = {
				ALWAYS_SEARCH_USER_PATHS = NO;
				CLANG_ANALYZER_NONNULL = YES;
				CLANG_ANALYZER_NUMBER_OBJECT_CONVERSION = YES_AGGRESSIVE;
				CLANG_CXX_LANGUAGE_STANDARD = "gnu++14";
				CLANG_CXX_LIBRARY = "libc++";
				CLANG_ENABLE_MODULES = YES;
				CLANG_ENABLE_OBJC_ARC = YES;
				CLANG_WARN_BLOCK_CAPTURE_AUTORELEASING = YES;
				CLANG_WARN_BOOL_CONVERSION = YES;
				CLANG_WARN_COMMA = YES;
				CLANG_WARN_CONSTANT_CONVERSION = YES;
				CLANG_WARN_DIRECT_OBJC_ISA_USAGE = YES_ERROR;
				CLANG_WARN_DOCUMENTATION_COMMENTS = YES;
				CLANG_WARN_EMPTY_BODY = YES;
				CLANG_WARN_ENUM_CONVERSION = YES;
				CLANG_WARN_INFINITE_RECURSION = YES;
				CLANG_WARN_INT_CONVERSION = YES;
				CLANG_WARN_NON_LITERAL_NULL_CONVERSION = YES;
				CLANG_WARN_OBJC_LITERAL_CONVERSION = YES;
				CLANG_WARN_OBJC_ROOT_CLASS = YES_ERROR;
				CLANG_WARN_RANGE_LOOP_ANALYSIS = YES;
				CLANG_WARN_STRICT_PROTOTYPES = YES;
				CLANG_WARN_SUSPICIOUS_MOVE = YES;
				CLANG_WARN_UNGUARDED_AVAILABILITY = YES_AGGRESSIVE;
				CLANG_WARN_UNREACHABLE_CODE = YES;
				CLANG_WARN__DUPLICATE_METHOD_MATCH = YES;
				CODE_SIGN_IDENTITY = "iPhone Developer";
				COPY_PHASE_STRIP = NO;
				DEBUG_INFORMATION_FORMAT = "dwarf-with-dsym";
				ENABLE_NS_ASSERTIONS = NO;
				ENABLE_STRICT_OBJC_MSGSEND = YES;
				GCC_C_LANGUAGE_STANDARD = gnu11;
				GCC_NO_COMMON_BLOCKS = YES;
				GCC_WARN_64_TO_32_BIT_CONVERSION = YES;
				GCC_WARN_ABOUT_RETURN_TYPE = YES_ERROR;
				GCC_WARN_UNDECLARED_SELECTOR = YES;
				GCC_WARN_UNINITIALIZED_AUTOS = YES_AGGRESSIVE;
				GCC_WARN_UNUSED_FUNCTION = YES;
				GCC_WARN_UNUSED_VARIABLE = YES;
				IPHONEOS_DEPLOYMENT_TARGET = 11.1;
				MTL_ENABLE_DEBUG_INFO = NO;
				SDKROOT = iphoneos;
				VALIDATE_PRODUCT = YES;
			};
			name = Release;
		};
		C32500E61FDC3EB5001509E4 /* Debug */ = {
			isa = XCBuildConfiguration;
			buildSettings = {
				ASSETCATALOG_COMPILER_APPICON_NAME = AppIcon;
				CODE_SIGN_STYLE = Automatic;
				INFOPLIST_FILE = CarsCoreDataAD/Info.plist;
				LD_RUNPATH_SEARCH_PATHS = "$(inherited) @executable_path/Frameworks";
				PRODUCT_BUNDLE_IDENTIFIER = edu.mdc.CarsCoreDataAD;
				PRODUCT_NAME = "$(TARGET_NAME)";
				TARGETED_DEVICE_FAMILY = "1,2";
			};
			name = Debug;
		};
		C32500E71FDC3EB5001509E4 /* Release */ = {
			isa = XCBuildConfiguration;
			buildSettings = {
				ASSETCATALOG_COMPILER_APPICON_NAME = AppIcon;
				CODE_SIGN_STYLE = Automatic;
				INFOPLIST_FILE = CarsCoreDataAD/Info.plist;
				LD_RUNPATH_SEARCH_PATHS = "$(inherited) @executable_path/Frameworks";
				PRODUCT_BUNDLE_IDENTIFIER = edu.mdc.CarsCoreDataAD;
				PRODUCT_NAME = "$(TARGET_NAME)";
				TARGETED_DEVICE_FAMILY = "1,2";
			};
			name = Release;
		};
/* End XCBuildConfiguration section */

/* Begin XCConfigurationList section */
		C32500C71FDC3EB4001509E4 /* Build configuration list for PBXProject "CarsCoreDataAD" */ = {
			isa = XCConfigurationList;
			buildConfigurations = (
				C32500E31FDC3EB5001509E4 /* Debug */,
				C32500E41FDC3EB5001509E4 /* Release */,
			);
			defaultConfigurationIsVisible = 0;
			defaultConfigurationName = Release;
		};
		C32500E51FDC3EB5001509E4 /* Build configuration list for PBXNativeTarget "CarsCoreDataAD" */ = {
			isa = XCConfigurationList;
			buildConfigurations = (
				C32500E61FDC3EB5001509E4 /* Debug */,
				C32500E71FDC3EB5001509E4 /* Release */,
			);
			defaultConfigurationIsVisible = 0;
			defaultConfigurationName = Release;
		};
/* End XCConfigurationList section */

/* Begin XCVersionGroup section */
		C32500D81FDC3EB5001509E4 /* CarsCoreDataAD.xcdatamodeld */ = {
			isa = XCVersionGroup;
			children = (
				C32500D91FDC3EB5001509E4 /* CarsCoreDataAD.xcdatamodel */,
			);
			currentVersion = C32500D91FDC3EB5001509E4 /* CarsCoreDataAD.xcdatamodel */;
			path = CarsCoreDataAD.xcdatamodeld;
			sourceTree = "<group>";
			versionGroupType = wrapper.xcdatamodel;
		};
/* End XCVersionGroup section */
	};
	rootObject = C32500C41FDC3EB4001509E4 /* Project object */;
}
